
Microsoft Visual Studio Solution File, Format Version 12.00
# Visual Studio Version 17
VisualStudioVersion = 17.5.002.0
MinimumVisualStudioVersion = 10.0.40219.1
Project("{9A19103F-16F7-4668-BE54-9A1E7A4F7556}") = "FlappyBird", "FlappyBird.csproj", "{566273AE-BFDE-42DC-8D0F-E5942A41A207}"
EndProject
Global
	GlobalSection(SolutionConfigurationPlatforms) = preSolution
		Debug|Any CPU = Debug|Any CPU
		Release|Any CPU = Release|Any CPU
	EndGlobalSection
	GlobalSection(ProjectConfigurationPlatforms) = postSolution
		{566273AE-BFDE-42DC-8D0F-E5942A41A207}.Debug|Any CPU.ActiveCfg = Debug|Any CPU
		{566273AE-BFDE-42DC-8D0F-E5942A41A207}.Debug|Any CPU.Build.0 = Debug|Any CPU
		{566273AE-BFDE-42DC-8D0F-E5942A41A207}.Release|Any CPU.ActiveCfg = Release|Any CPU
		{566273AE-BFDE-42DC-8D0F-E5942A41A207}.Release|Any CPU.Build.0 = Release|Any CPU
	EndGlobalSection
	GlobalSection(SolutionProperties) = preSolution
		HideSolutionNode = FALSE
	EndGlobalSection
	GlobalSection(ExtensibilityGlobals) = postSolution
		SolutionGuid = {808F648D-E3CF-4D27-8AA3-6C6EA83A4081}
	EndGlobalSection
EndGlobal
